
Microsoft Visual Studio Solution File, Format Version 12.00
# Visual Studio Version 17
VisualStudioVersion = 17.0.31903.59
MinimumVisualStudioVersion = 10.0.40219.1
Project("{2150E333-8FDC-42A3-9474-1A3956D46DE8}") = "src", "src", "{827E0CD3-B72D-47B6-A68D-7590B98EB39B}"
EndProject
Project("{2150E333-8FDC-42A3-9474-1A3956D46DE8}") = "FastCrud", "FastCrud", "{A86BA826-473E-B95F-3AC8-6831E1DD27DB}"
EndProject
Project("{FAE04EC0-301F-11D3-BF4B-00C04F79EFBC}") = "FastCrud.Abstractions", "src\FastCrud.Abstractions\FastCrud.Abstractions.csproj", "{1D19D416-7415-42BC-B0AD-182D7DED34D2}"
EndProject
Project("{FAE04EC0-301F-11D3-BF4B-00C04F79EFBC}") = "FastCrud.Core", "src\FastCrud.Core\FastCrud.Core.csproj", "{CFB6CCC4-5526-4BA5-B413-90EE7D2E0BD5}"
EndProject
Project("{FAE04EC0-301F-11D3-BF4B-00C04F79EFBC}") = "FastCrud.Persistence.EFCore", "src\FastCrud.Persistence.EFCore\FastCrud.Persistence.EFCore.csproj", "{FC6F0715-9D78-4F25-AE19-CD4E117D54A1}"
EndProject
Project("{FAE04EC0-301F-11D3-BF4B-00C04F79EFBC}") = "FastCrud.Mapping.Mapster", "src\FastCrud.Mapping.Mapster\FastCrud.Mapping.Mapster.csproj", "{F4BDE4E4-4163-4404-ABB6-FC837FBEDF23}"
EndProject
Project("{FAE04EC0-301F-11D3-BF4B-00C04F79EFBC}") = "FastCrud.Query.Gridify", "src\FastCrud.Query.Gridify\FastCrud.Query.Gridify.csproj", "{6BD5EB49-1CA2-4C98-83BD-8DC3D8474AB8}"
EndProject
Project("{FAE04EC0-301F-11D3-BF4B-00C04F79EFBC}") = "FastCrud.Validation.FluentValidation", "src\FastCrud.Validation.FluentValidation\FastCrud.Validation.FluentValidation.csproj", "{20DCAE37-FAA8-4DB2-9756-5EB3D307843A}"
EndProject
Project("{FAE04EC0-301F-11D3-BF4B-00C04F79EFBC}") = "FastCrud.Web.MinimalApi", "src\FastCrud.Web.MinimalApi\FastCrud.Web.MinimalApi.csproj", "{D88FAE2D-7768-4566-8447-AD9C5C56EC45}"
EndProject
Project("{FAE04EC0-301F-11D3-BF4B-00C04F79EFBC}") = "FastCrud.Meta", "src\FastCrud.Meta\FastCrud.Meta.csproj", "{2BE569DE-DD77-4078-968C-45940A77AE27}"
EndProject
Project("{2150E333-8FDC-42A3-9474-1A3956D46DE8}") = "samples", "samples", "{5D20AA90-6969-D8BD-9DCD-8634F4692FDA}"
EndProject
Project("{FAE04EC0-301F-11D3-BF4B-00C04F79EFBC}") = "FastCrud.Samples.Api", "samples\FastCrud.Samples.Api\FastCrud.Samples.Api.csproj", "{76A2E96E-A92C-4D05-A65D-1D3DCBC8546D}"
EndProject
Global
	GlobalSection(SolutionConfigurationPlatforms) = preSolution
		Debug|Any CPU = Debug|Any CPU
		Debug|x64 = Debug|x64
		Debug|x86 = Debug|x86
		Release|Any CPU = Release|Any CPU
		Release|x64 = Release|x64
		Release|x86 = Release|x86
	EndGlobalSection
	GlobalSection(ProjectConfigurationPlatforms) = postSolution
		{1D19D416-7415-42BC-B0AD-182D7DED34D2}.Debug|Any CPU.ActiveCfg = Debug|Any CPU
		{1D19D416-7415-42BC-B0AD-182D7DED34D2}.Debug|Any CPU.Build.0 = Debug|Any CPU
		{1D19D416-7415-42BC-B0AD-182D7DED34D2}.Debug|x64.ActiveCfg = Debug|Any CPU
		{1D19D416-7415-42BC-B0AD-182D7DED34D2}.Debug|x64.Build.0 = Debug|Any CPU
		{1D19D416-7415-42BC-B0AD-182D7DED34D2}.Debug|x86.ActiveCfg = Debug|Any CPU
		{1D19D416-7415-42BC-B0AD-182D7DED34D2}.Debug|x86.Build.0 = Debug|Any CPU
		{1D19D416-7415-42BC-B0AD-182D7DED34D2}.Release|Any CPU.ActiveCfg = Release|Any CPU
		{1D19D416-7415-42BC-B0AD-182D7DED34D2}.Release|Any CPU.Build.0 = Release|Any CPU
		{1D19D416-7415-42BC-B0AD-182D7DED34D2}.Release|x64.ActiveCfg = Release|Any CPU
		{1D19D416-7415-42BC-B0AD-182D7DED34D2}.Release|x64.Build.0 = Release|Any CPU
		{1D19D416-7415-42BC-B0AD-182D7DED34D2}.Release|x86.ActiveCfg = Release|Any CPU
		{1D19D416-7415-42BC-B0AD-182D7DED34D2}.Release|x86.Build.0 = Release|Any CPU
		{CFB6CCC4-5526-4BA5-B413-90EE7D2E0BD5}.Debug|Any CPU.ActiveCfg = Debug|Any CPU
		{CFB6CCC4-5526-4BA5-B413-90EE7D2E0BD5}.Debug|Any CPU.Build.0 = Debug|Any CPU
		{CFB6CCC4-5526-4BA5-B413-90EE7D2E0BD5}.Debug|x64.ActiveCfg = Debug|Any CPU
		{CFB6CCC4-5526-4BA5-B413-90EE7D2E0BD5}.Debug|x64.Build.0 = Debug|Any CPU
		{CFB6CCC4-5526-4BA5-B413-90EE7D2E0BD5}.Debug|x86.ActiveCfg = Debug|Any CPU
		{CFB6CCC4-5526-4BA5-B413-90EE7D2E0BD5}.Debug|x86.Build.0 = Debug|Any CPU
		{CFB6CCC4-5526-4BA5-B413-90EE7D2E0BD5}.Release|Any CPU.ActiveCfg = Release|Any CPU
		{CFB6CCC4-5526-4BA5-B413-90EE7D2E0BD5}.Release|Any CPU.Build.0 = Release|Any CPU
		{CFB6CCC4-5526-4BA5-B413-90EE7D2E0BD5}.Release|x64.ActiveCfg = Release|Any CPU
		{CFB6CCC4-5526-4BA5-B413-90EE7D2E0BD5}.Release|x64.Build.0 = Release|Any CPU
		{CFB6CCC4-5526-4BA5-B413-90EE7D2E0BD5}.Release|x86.ActiveCfg = Release|Any CPU
		{CFB6CCC4-5526-4BA5-B413-90EE7D2E0BD5}.Release|x86.Build.0 = Release|Any CPU
		{FC6F0715-9D78-4F25-AE19-CD4E117D54A1}.Debug|Any CPU.ActiveCfg = Debug|Any CPU
		{FC6F0715-9D78-4F25-AE19-CD4E117D54A1}.Debug|Any CPU.Build.0 = Debug|Any CPU
		{FC6F0715-9D78-4F25-AE19-CD4E117D54A1}.Debug|x64.ActiveCfg = Debug|Any CPU
		{FC6F0715-9D78-4F25-AE19-CD4E117D54A1}.Debug|x64.Build.0 = Debug|Any CPU
		{FC6F0715-9D78-4F25-AE19-CD4E117D54A1}.Debug|x86.ActiveCfg = Debug|Any CPU
		{FC6F0715-9D78-4F25-AE19-CD4E117D54A1}.Debug|x86.Build.0 = Debug|Any CPU
		{FC6F0715-9D78-4F25-AE19-CD4E117D54A1}.Release|Any CPU.ActiveCfg = Release|Any CPU
		{FC6F0715-9D78-4F25-AE19-CD4E117D54A1}.Release|Any CPU.Build.0 = Release|Any CPU
		{FC6F0715-9D78-4F25-AE19-CD4E117D54A1}.Release|x64.ActiveCfg = Release|Any CPU
		{FC6F0715-9D78-4F25-AE19-CD4E117D54A1}.Release|x64.Build.0 = Release|Any CPU
		{FC6F0715-9D78-4F25-AE19-CD4E117D54A1}.Release|x86.ActiveCfg = Release|Any CPU
		{FC6F0715-9D78-4F25-AE19-CD4E117D54A1}.Release|x86.Build.0 = Release|Any CPU
		{F4BDE4E4-4163-4404-ABB6-FC837FBEDF23}.Debug|Any CPU.ActiveCfg = Debug|Any CPU
		{F4BDE4E4-4163-4404-ABB6-FC837FBEDF23}.Debug|Any CPU.Build.0 = Debug|Any CPU
		{F4BDE4E4-4163-4404-ABB6-FC837FBEDF23}.Debug|x64.ActiveCfg = Debug|Any CPU
		{F4BDE4E4-4163-4404-ABB6-FC837FBEDF23}.Debug|x64.Build.0 = Debug|Any CPU
		{F4BDE4E4-4163-4404-ABB6-FC837FBEDF23}.Debug|x86.ActiveCfg = Debug|Any CPU
		{F4BDE4E4-4163-4404-ABB6-FC837FBEDF23}.Debug|x86.Build.0 = Debug|Any CPU
		{F4BDE4E4-4163-4404-ABB6-FC837FBEDF23}.Release|Any CPU.ActiveCfg = Release|Any CPU
		{F4BDE4E4-4163-4404-ABB6-FC837FBEDF23}.Release|Any CPU.Build.0 = Release|Any CPU
		{F4BDE4E4-4163-4404-ABB6-FC837FBEDF23}.Release|x64.ActiveCfg = Release|Any CPU
		{F4BDE4E4-4163-4404-ABB6-FC837FBEDF23}.Release|x64.Build.0 = Release|Any CPU
		{F4BDE4E4-4163-4404-ABB6-FC837FBEDF23}.Release|x86.ActiveCfg = Release|Any CPU
		{F4BDE4E4-4163-4404-ABB6-FC837FBEDF23}.Release|x86.Build.0 = Release|Any CPU
		{6BD5EB49-1CA2-4C98-83BD-8DC3D8474AB8}.Debug|Any CPU.ActiveCfg = Debug|Any CPU
		{6BD5EB49-1CA2-4C98-83BD-8DC3D8474AB8}.Debug|Any CPU.Build.0 = Debug|Any CPU
		{6BD5EB49-1CA2-4C98-83BD-8DC3D8474AB8}.Debug|x64.ActiveCfg = Debug|Any CPU
		{6BD5EB49-1CA2-4C98-83BD-8DC3D8474AB8}.Debug|x64.Build.0 = Debug|Any CPU
		{6BD5EB49-1CA2-4C98-83BD-8DC3D8474AB8}.Debug|x86.ActiveCfg = Debug|Any CPU
		{6BD5EB49-1CA2-4C98-83BD-8DC3D8474AB8}.Debug|x86.Build.0 = Debug|Any CPU
		{6BD5EB49-1CA2-4C98-83BD-8DC3D8474AB8}.Release|Any CPU.ActiveCfg = Release|Any CPU
		{6BD5EB49-1CA2-4C98-83BD-8DC3D8474AB8}.Release|Any CPU.Build.0 = Release|Any CPU
		{6BD5EB49-1CA2-4C98-83BD-8DC3D8474AB8}.Release|x64.ActiveCfg = Release|Any CPU
		{6BD5EB49-1CA2-4C98-83BD-8DC3D8474AB8}.Release|x64.Build.0 = Release|Any CPU
		{6BD5EB49-1CA2-4C98-83BD-8DC3D8474AB8}.Release|x86.ActiveCfg = Release|Any CPU
		{6BD5EB49-1CA2-4C98-83BD-8DC3D8474AB8}.Release|x86.Build.0 = Release|Any CPU
		{20DCAE37-FAA8-4DB2-9756-5EB3D307843A}.Debug|Any CPU.ActiveCfg = Debug|Any CPU
		{20DCAE37-FAA8-4DB2-9756-5EB3D307843A}.Debug|Any CPU.Build.0 = Debug|Any CPU
		{20DCAE37-FAA8-4DB2-9756-5EB3D307843A}.Debug|x64.ActiveCfg = Debug|Any CPU
		{20DCAE37-FAA8-4DB2-9756-5EB3D307843A}.Debug|x64.Build.0 = Debug|Any CPU
		{20DCAE37-FAA8-4DB2-9756-5EB3D307843A}.Debug|x86.ActiveCfg = Debug|Any CPU
		{20DCAE37-FAA8-4DB2-9756-5EB3D307843A}.Debug|x86.Build.0 = Debug|Any CPU
		{20DCAE37-FAA8-4DB2-9756-5EB3D307843A}.Release|Any CPU.ActiveCfg = Release|Any CPU
		{20DCAE37-FAA8-4DB2-9756-5EB3D307843A}.Release|Any CPU.Build.0 = Release|Any CPU
		{20DCAE37-FAA8-4DB2-9756-5EB3D307843A}.Release|x64.ActiveCfg = Release|Any CPU
		{20DCAE37-FAA8-4DB2-9756-5EB3D307843A}.Release|x64.Build.0 = Release|Any CPU
		{20DCAE37-FAA8-4DB2-9756-5EB3D307843A}.Release|x86.ActiveCfg = Release|Any CPU
		{20DCAE37-FAA8-4DB2-9756-5EB3D307843A}.Release|x86.Build.0 = Release|Any CPU
		{D88FAE2D-7768-4566-8447-AD9C5C56EC45}.Debug|Any CPU.ActiveCfg = Debug|Any CPU
		{D88FAE2D-7768-4566-8447-AD9C5C56EC45}.Debug|Any CPU.Build.0 = Debug|Any CPU
		{D88FAE2D-7768-4566-8447-AD9C5C56EC45}.Debug|x64.ActiveCfg = Debug|Any CPU
		{D88FAE2D-7768-4566-8447-AD9C5C56EC45}.Debug|x64.Build.0 = Debug|Any CPU
		{D88FAE2D-7768-4566-8447-AD9C5C56EC45}.Debug|x86.ActiveCfg = Debug|Any CPU
		{D88FAE2D-7768-4566-8447-AD9C5C56EC45}.Debug|x86.Build.0 = Debug|Any CPU
		{D88FAE2D-7768-4566-8447-AD9C5C56EC45}.Release|Any CPU.ActiveCfg = Release|Any CPU
		{D88FAE2D-7768-4566-8447-AD9C5C56EC45}.Release|Any CPU.Build.0 = Release|Any CPU
		{D88FAE2D-7768-4566-8447-AD9C5C56EC45}.Release|x64.ActiveCfg = Release|Any CPU
		{D88FAE2D-7768-4566-8447-AD9C5C56EC45}.Release|x64.Build.0 = Release|Any CPU
		{D88FAE2D-7768-4566-8447-AD9C5C56EC45}.Release|x86.ActiveCfg = Release|Any CPU
		{D88FAE2D-7768-4566-8447-AD9C5C56EC45}.Release|x86.Build.0 = Release|Any CPU
		{2BE569DE-DD77-4078-968C-45940A77AE27}.Debug|Any CPU.ActiveCfg = Debug|Any CPU
		{2BE569DE-DD77-4078-968C-45940A77AE27}.Debug|Any CPU.Build.0 = Debug|Any CPU
		{2BE569DE-DD77-4078-968C-45940A77AE27}.Debug|x64.ActiveCfg = Debug|Any CPU
		{2BE569DE-DD77-4078-968C-45940A77AE27}.Debug|x64.Build.0 = Debug|Any CPU
		{2BE569DE-DD77-4078-968C-45940A77AE27}.Debug|x86.ActiveCfg = Debug|Any CPU
		{2BE569DE-DD77-4078-968C-45940A77AE27}.Debug|x86.Build.0 = Debug|Any CPU
		{2BE569DE-DD77-4078-968C-45940A77AE27}.Release|Any CPU.ActiveCfg = Release|Any CPU
		{2BE569DE-DD77-4078-968C-45940A77AE27}.Release|Any CPU.Build.0 = Release|Any CPU
		{2BE569DE-DD77-4078-968C-45940A77AE27}.Release|x64.ActiveCfg = Release|Any CPU
		{2BE569DE-DD77-4078-968C-45940A77AE27}.Release|x64.Build.0 = Release|Any CPU
		{2BE569DE-DD77-4078-968C-45940A77AE27}.Release|x86.ActiveCfg = Release|Any CPU
		{2BE569DE-DD77-4078-968C-45940A77AE27}.Release|x86.Build.0 = Release|Any CPU
		{76A2E96E-A92C-4D05-A65D-1D3DCBC8546D}.Debug|Any CPU.ActiveCfg = Debug|Any CPU
		{76A2E96E-A92C-4D05-A65D-1D3DCBC8546D}.Debug|Any CPU.Build.0 = Debug|Any CPU
		{76A2E96E-A92C-4D05-A65D-1D3DCBC8546D}.Debug|x64.ActiveCfg = Debug|Any CPU
		{76A2E96E-A92C-4D05-A65D-1D3DCBC8546D}.Debug|x64.Build.0 = Debug|Any CPU
		{76A2E96E-A92C-4D05-A65D-1D3DCBC8546D}.Debug|x86.ActiveCfg = Debug|Any CPU
		{76A2E96E-A92C-4D05-A65D-1D3DCBC8546D}.Debug|x86.Build.0 = Debug|Any CPU
		{76A2E96E-A92C-4D05-A65D-1D3DCBC8546D}.Release|Any CPU.ActiveCfg = Release|Any CPU
		{76A2E96E-A92C-4D05-A65D-1D3DCBC8546D}.Release|Any CPU.Build.0 = Release|Any CPU
		{76A2E96E-A92C-4D05-A65D-1D3DCBC8546D}.Release|x64.ActiveCfg = Release|Any CPU
		{76A2E96E-A92C-4D05-A65D-1D3DCBC8546D}.Release|x64.Build.0 = Release|Any CPU
		{76A2E96E-A92C-4D05-A65D-1D3DCBC8546D}.Release|x86.ActiveCfg = Release|Any CPU
		{76A2E96E-A92C-4D05-A65D-1D3DCBC8546D}.Release|x86.Build.0 = Release|Any CPU
	EndGlobalSection
	GlobalSection(SolutionProperties) = preSolution
		HideSolutionNode = FALSE
	EndGlobalSection
	GlobalSection(NestedProjects) = preSolution
		{A86BA826-473E-B95F-3AC8-6831E1DD27DB} = {827E0CD3-B72D-47B6-A68D-7590B98EB39B}
		{1D19D416-7415-42BC-B0AD-182D7DED34D2} = {A86BA826-473E-B95F-3AC8-6831E1DD27DB}
		{CFB6CCC4-5526-4BA5-B413-90EE7D2E0BD5} = {A86BA826-473E-B95F-3AC8-6831E1DD27DB}
		{FC6F0715-9D78-4F25-AE19-CD4E117D54A1} = {A86BA826-473E-B95F-3AC8-6831E1DD27DB}
		{F4BDE4E4-4163-4404-ABB6-FC837FBEDF23} = {A86BA826-473E-B95F-3AC8-6831E1DD27DB}
		{6BD5EB49-1CA2-4C98-83BD-8DC3D8474AB8} = {A86BA826-473E-B95F-3AC8-6831E1DD27DB}
		{20DCAE37-FAA8-4DB2-9756-5EB3D307843A} = {A86BA826-473E-B95F-3AC8-6831E1DD27DB}
		{D88FAE2D-7768-4566-8447-AD9C5C56EC45} = {A86BA826-473E-B95F-3AC8-6831E1DD27DB}
		{2BE569DE-DD77-4078-968C-45940A77AE27} = {A86BA826-473E-B95F-3AC8-6831E1DD27DB}
		{76A2E96E-A92C-4D05-A65D-1D3DCBC8546D} = {5D20AA90-6969-D8BD-9DCD-8634F4692FDA}
	EndGlobalSection
EndGlobal
