
Microsoft Visual Studio Solution File, Format Version 12.00
# Visual Studio Version 17
VisualStudioVersion = 17.0.31903.59
MinimumVisualStudioVersion = 10.0.40219.1
Project("{2150E333-8FDC-42A3-9474-1A3956D46DE8}") = "src", "src", "{827E0CD3-B72D-47B6-A68D-7590B98EB39B}"
EndProject
Project("{2150E333-8FDC-42A3-9474-1A3956D46DE8}") = "FastCrud", "FastCrud", "{A86BA826-473E-B95F-3AC8-6831E1DD27DB}"
EndProject
Project("{FAE04EC0-301F-11D3-BF4B-00C04F79EFBC}") = "FastCrud.Abstractions", "src\FastCrud.Abstractions\FastCrud.Abstractions.csproj", "{29C0D421-A8AB-4F2D-B555-74FAC5C0ACA4}"
EndProject
Project("{FAE04EC0-301F-11D3-BF4B-00C04F79EFBC}") = "FastCrud.Core", "src\FastCrud.Core\FastCrud.Core.csproj", "{68232AA2-D163-4922-B52D-47662B40B3A1}"
EndProject
Project("{FAE04EC0-301F-11D3-BF4B-00C04F79EFBC}") = "FastCrud.Persistence.EFCore", "src\FastCrud.Persistence.EFCore\FastCrud.Persistence.EFCore.csproj", "{EB3ABA03-40E3-4F3A-93A9-02DE4D7E3D5E}"
EndProject
Project("{FAE04EC0-301F-11D3-BF4B-00C04F79EFBC}") = "FastCrud.Mapping.Mapster", "src\FastCrud.Mapping.Mapster\FastCrud.Mapping.Mapster.csproj", "{1CC688DB-F839-4300-88A1-36C638D417FB}"
EndProject
Project("{FAE04EC0-301F-11D3-BF4B-00C04F79EFBC}") = "FastCrud.Query.Gridify", "src\FastCrud.Query.Gridify\FastCrud.Query.Gridify.csproj", "{E4CA0074-2D1F-4D46-8F91-844E8D1D6C45}"
EndProject
Project("{FAE04EC0-301F-11D3-BF4B-00C04F79EFBC}") = "FastCrud.Validation.FluentValidation", "src\FastCrud.Validation.FluentValidation\FastCrud.Validation.FluentValidation.csproj", "{DD331B42-CCD5-428E-BD67-DFA3B4FBB142}"
EndProject
Project("{FAE04EC0-301F-11D3-BF4B-00C04F79EFBC}") = "FastCrud.Web.MinimalApi", "src\FastCrud.Web.MinimalApi\FastCrud.Web.MinimalApi.csproj", "{9084A5C8-1FEC-437B-BA14-F77B91F6B2EB}"
EndProject
Project("{FAE04EC0-301F-11D3-BF4B-00C04F79EFBC}") = "FastCrud.Meta", "src\FastCrud.Meta\FastCrud.Meta.csproj", "{03AADD62-B516-4863-B5CB-3D5332566BF9}"
EndProject
Project("{2150E333-8FDC-42A3-9474-1A3956D46DE8}") = "samples", "samples", "{5D20AA90-6969-D8BD-9DCD-8634F4692FDA}"
EndProject
Project("{FAE04EC0-301F-11D3-BF4B-00C04F79EFBC}") = "FastCrud.Samples.Api", "samples\FastCrud.Samples.Api\FastCrud.Samples.Api.csproj", "{5614ABED-74EE-439F-95CD-E5B032F6AE8A}"
EndProject
Global
	GlobalSection(SolutionConfigurationPlatforms) = preSolution
		Debug|Any CPU = Debug|Any CPU
		Debug|x64 = Debug|x64
		Debug|x86 = Debug|x86
		Release|Any CPU = Release|Any CPU
		Release|x64 = Release|x64
		Release|x86 = Release|x86
	EndGlobalSection
	GlobalSection(ProjectConfigurationPlatforms) = postSolution
		{29C0D421-A8AB-4F2D-B555-74FAC5C0ACA4}.Debug|Any CPU.ActiveCfg = Debug|Any CPU
		{29C0D421-A8AB-4F2D-B555-74FAC5C0ACA4}.Debug|Any CPU.Build.0 = Debug|Any CPU
		{29C0D421-A8AB-4F2D-B555-74FAC5C0ACA4}.Debug|x64.ActiveCfg = Debug|Any CPU
		{29C0D421-A8AB-4F2D-B555-74FAC5C0ACA4}.Debug|x64.Build.0 = Debug|Any CPU
		{29C0D421-A8AB-4F2D-B555-74FAC5C0ACA4}.Debug|x86.ActiveCfg = Debug|Any CPU
		{29C0D421-A8AB-4F2D-B555-74FAC5C0ACA4}.Debug|x86.Build.0 = Debug|Any CPU
		{29C0D421-A8AB-4F2D-B555-74FAC5C0ACA4}.Release|Any CPU.ActiveCfg = Release|Any CPU
		{29C0D421-A8AB-4F2D-B555-74FAC5C0ACA4}.Release|Any CPU.Build.0 = Release|Any CPU
		{29C0D421-A8AB-4F2D-B555-74FAC5C0ACA4}.Release|x64.ActiveCfg = Release|Any CPU
		{29C0D421-A8AB-4F2D-B555-74FAC5C0ACA4}.Release|x64.Build.0 = Release|Any CPU
		{29C0D421-A8AB-4F2D-B555-74FAC5C0ACA4}.Release|x86.ActiveCfg = Release|Any CPU
		{29C0D421-A8AB-4F2D-B555-74FAC5C0ACA4}.Release|x86.Build.0 = Release|Any CPU
		{68232AA2-D163-4922-B52D-47662B40B3A1}.Debug|Any CPU.ActiveCfg = Debug|Any CPU
		{68232AA2-D163-4922-B52D-47662B40B3A1}.Debug|Any CPU.Build.0 = Debug|Any CPU
		{68232AA2-D163-4922-B52D-47662B40B3A1}.Debug|x64.ActiveCfg = Debug|Any CPU
		{68232AA2-D163-4922-B52D-47662B40B3A1}.Debug|x64.Build.0 = Debug|Any CPU
		{68232AA2-D163-4922-B52D-47662B40B3A1}.Debug|x86.ActiveCfg = Debug|Any CPU
		{68232AA2-D163-4922-B52D-47662B40B3A1}.Debug|x86.Build.0 = Debug|Any CPU
		{68232AA2-D163-4922-B52D-47662B40B3A1}.Release|Any CPU.ActiveCfg = Release|Any CPU
		{68232AA2-D163-4922-B52D-47662B40B3A1}.Release|Any CPU.Build.0 = Release|Any CPU
		{68232AA2-D163-4922-B52D-47662B40B3A1}.Release|x64.ActiveCfg = Release|Any CPU
		{68232AA2-D163-4922-B52D-47662B40B3A1}.Release|x64.Build.0 = Release|Any CPU
		{68232AA2-D163-4922-B52D-47662B40B3A1}.Release|x86.ActiveCfg = Release|Any CPU
		{68232AA2-D163-4922-B52D-47662B40B3A1}.Release|x86.Build.0 = Release|Any CPU
		{EB3ABA03-40E3-4F3A-93A9-02DE4D7E3D5E}.Debug|Any CPU.ActiveCfg = Debug|Any CPU
		{EB3ABA03-40E3-4F3A-93A9-02DE4D7E3D5E}.Debug|Any CPU.Build.0 = Debug|Any CPU
		{EB3ABA03-40E3-4F3A-93A9-02DE4D7E3D5E}.Debug|x64.ActiveCfg = Debug|Any CPU
		{EB3ABA03-40E3-4F3A-93A9-02DE4D7E3D5E}.Debug|x64.Build.0 = Debug|Any CPU
		{EB3ABA03-40E3-4F3A-93A9-02DE4D7E3D5E}.Debug|x86.ActiveCfg = Debug|Any CPU
		{EB3ABA03-40E3-4F3A-93A9-02DE4D7E3D5E}.Debug|x86.Build.0 = Debug|Any CPU
		{EB3ABA03-40E3-4F3A-93A9-02DE4D7E3D5E}.Release|Any CPU.ActiveCfg = Release|Any CPU
		{EB3ABA03-40E3-4F3A-93A9-02DE4D7E3D5E}.Release|Any CPU.Build.0 = Release|Any CPU
		{EB3ABA03-40E3-4F3A-93A9-02DE4D7E3D5E}.Release|x64.ActiveCfg = Release|Any CPU
		{EB3ABA03-40E3-4F3A-93A9-02DE4D7E3D5E}.Release|x64.Build.0 = Release|Any CPU
		{EB3ABA03-40E3-4F3A-93A9-02DE4D7E3D5E}.Release|x86.ActiveCfg = Release|Any CPU
		{EB3ABA03-40E3-4F3A-93A9-02DE4D7E3D5E}.Release|x86.Build.0 = Release|Any CPU
		{1CC688DB-F839-4300-88A1-36C638D417FB}.Debug|Any CPU.ActiveCfg = Debug|Any CPU
		{1CC688DB-F839-4300-88A1-36C638D417FB}.Debug|Any CPU.Build.0 = Debug|Any CPU
		{1CC688DB-F839-4300-88A1-36C638D417FB}.Debug|x64.ActiveCfg = Debug|Any CPU
		{1CC688DB-F839-4300-88A1-36C638D417FB}.Debug|x64.Build.0 = Debug|Any CPU
		{1CC688DB-F839-4300-88A1-36C638D417FB}.Debug|x86.ActiveCfg = Debug|Any CPU
		{1CC688DB-F839-4300-88A1-36C638D417FB}.Debug|x86.Build.0 = Debug|Any CPU
		{1CC688DB-F839-4300-88A1-36C638D417FB}.Release|Any CPU.ActiveCfg = Release|Any CPU
		{1CC688DB-F839-4300-88A1-36C638D417FB}.Release|Any CPU.Build.0 = Release|Any CPU
		{1CC688DB-F839-4300-88A1-36C638D417FB}.Release|x64.ActiveCfg = Release|Any CPU
		{1CC688DB-F839-4300-88A1-36C638D417FB}.Release|x64.Build.0 = Release|Any CPU
		{1CC688DB-F839-4300-88A1-36C638D417FB}.Release|x86.ActiveCfg = Release|Any CPU
		{1CC688DB-F839-4300-88A1-36C638D417FB}.Release|x86.Build.0 = Release|Any CPU
		{E4CA0074-2D1F-4D46-8F91-844E8D1D6C45}.Debug|Any CPU.ActiveCfg = Debug|Any CPU
		{E4CA0074-2D1F-4D46-8F91-844E8D1D6C45}.Debug|Any CPU.Build.0 = Debug|Any CPU
		{E4CA0074-2D1F-4D46-8F91-844E8D1D6C45}.Debug|x64.ActiveCfg = Debug|Any CPU
		{E4CA0074-2D1F-4D46-8F91-844E8D1D6C45}.Debug|x64.Build.0 = Debug|Any CPU
		{E4CA0074-2D1F-4D46-8F91-844E8D1D6C45}.Debug|x86.ActiveCfg = Debug|Any CPU
		{E4CA0074-2D1F-4D46-8F91-844E8D1D6C45}.Debug|x86.Build.0 = Debug|Any CPU
		{E4CA0074-2D1F-4D46-8F91-844E8D1D6C45}.Release|Any CPU.ActiveCfg = Release|Any CPU
		{E4CA0074-2D1F-4D46-8F91-844E8D1D6C45}.Release|Any CPU.Build.0 = Release|Any CPU
		{E4CA0074-2D1F-4D46-8F91-844E8D1D6C45}.Release|x64.ActiveCfg = Release|Any CPU
		{E4CA0074-2D1F-4D46-8F91-844E8D1D6C45}.Release|x64.Build.0 = Release|Any CPU
		{E4CA0074-2D1F-4D46-8F91-844E8D1D6C45}.Release|x86.ActiveCfg = Release|Any CPU
		{E4CA0074-2D1F-4D46-8F91-844E8D1D6C45}.Release|x86.Build.0 = Release|Any CPU
		{DD331B42-CCD5-428E-BD67-DFA3B4FBB142}.Debug|Any CPU.ActiveCfg = Debug|Any CPU
		{DD331B42-CCD5-428E-BD67-DFA3B4FBB142}.Debug|Any CPU.Build.0 = Debug|Any CPU
		{DD331B42-CCD5-428E-BD67-DFA3B4FBB142}.Debug|x64.ActiveCfg = Debug|Any CPU
		{DD331B42-CCD5-428E-BD67-DFA3B4FBB142}.Debug|x64.Build.0 = Debug|Any CPU
		{DD331B42-CCD5-428E-BD67-DFA3B4FBB142}.Debug|x86.ActiveCfg = Debug|Any CPU
		{DD331B42-CCD5-428E-BD67-DFA3B4FBB142}.Debug|x86.Build.0 = Debug|Any CPU
		{DD331B42-CCD5-428E-BD67-DFA3B4FBB142}.Release|Any CPU.ActiveCfg = Release|Any CPU
		{DD331B42-CCD5-428E-BD67-DFA3B4FBB142}.Release|Any CPU.Build.0 = Release|Any CPU
		{DD331B42-CCD5-428E-BD67-DFA3B4FBB142}.Release|x64.ActiveCfg = Release|Any CPU
		{DD331B42-CCD5-428E-BD67-DFA3B4FBB142}.Release|x64.Build.0 = Release|Any CPU
		{DD331B42-CCD5-428E-BD67-DFA3B4FBB142}.Release|x86.ActiveCfg = Release|Any CPU
		{DD331B42-CCD5-428E-BD67-DFA3B4FBB142}.Release|x86.Build.0 = Release|Any CPU
		{9084A5C8-1FEC-437B-BA14-F77B91F6B2EB}.Debug|Any CPU.ActiveCfg = Debug|Any CPU
		{9084A5C8-1FEC-437B-BA14-F77B91F6B2EB}.Debug|Any CPU.Build.0 = Debug|Any CPU
		{9084A5C8-1FEC-437B-BA14-F77B91F6B2EB}.Debug|x64.ActiveCfg = Debug|Any CPU
		{9084A5C8-1FEC-437B-BA14-F77B91F6B2EB}.Debug|x64.Build.0 = Debug|Any CPU
		{9084A5C8-1FEC-437B-BA14-F77B91F6B2EB}.Debug|x86.ActiveCfg = Debug|Any CPU
		{9084A5C8-1FEC-437B-BA14-F77B91F6B2EB}.Debug|x86.Build.0 = Debug|Any CPU
		{9084A5C8-1FEC-437B-BA14-F77B91F6B2EB}.Release|Any CPU.ActiveCfg = Release|Any CPU
		{9084A5C8-1FEC-437B-BA14-F77B91F6B2EB}.Release|Any CPU.Build.0 = Release|Any CPU
		{9084A5C8-1FEC-437B-BA14-F77B91F6B2EB}.Release|x64.ActiveCfg = Release|Any CPU
		{9084A5C8-1FEC-437B-BA14-F77B91F6B2EB}.Release|x64.Build.0 = Release|Any CPU
		{9084A5C8-1FEC-437B-BA14-F77B91F6B2EB}.Release|x86.ActiveCfg = Release|Any CPU
		{9084A5C8-1FEC-437B-BA14-F77B91F6B2EB}.Release|x86.Build.0 = Release|Any CPU
		{03AADD62-B516-4863-B5CB-3D5332566BF9}.Debug|Any CPU.ActiveCfg = Debug|Any CPU
		{03AADD62-B516-4863-B5CB-3D5332566BF9}.Debug|Any CPU.Build.0 = Debug|Any CPU
		{03AADD62-B516-4863-B5CB-3D5332566BF9}.Debug|x64.ActiveCfg = Debug|Any CPU
		{03AADD62-B516-4863-B5CB-3D5332566BF9}.Debug|x64.Build.0 = Debug|Any CPU
		{03AADD62-B516-4863-B5CB-3D5332566BF9}.Debug|x86.ActiveCfg = Debug|Any CPU
		{03AADD62-B516-4863-B5CB-3D5332566BF9}.Debug|x86.Build.0 = Debug|Any CPU
		{03AADD62-B516-4863-B5CB-3D5332566BF9}.Release|Any CPU.ActiveCfg = Release|Any CPU
		{03AADD62-B516-4863-B5CB-3D5332566BF9}.Release|Any CPU.Build.0 = Release|Any CPU
		{03AADD62-B516-4863-B5CB-3D5332566BF9}.Release|x64.ActiveCfg = Release|Any CPU
		{03AADD62-B516-4863-B5CB-3D5332566BF9}.Release|x64.Build.0 = Release|Any CPU
		{03AADD62-B516-4863-B5CB-3D5332566BF9}.Release|x86.ActiveCfg = Release|Any CPU
		{03AADD62-B516-4863-B5CB-3D5332566BF9}.Release|x86.Build.0 = Release|Any CPU
		{5614ABED-74EE-439F-95CD-E5B032F6AE8A}.Debug|Any CPU.ActiveCfg = Debug|Any CPU
		{5614ABED-74EE-439F-95CD-E5B032F6AE8A}.Debug|Any CPU.Build.0 = Debug|Any CPU
		{5614ABED-74EE-439F-95CD-E5B032F6AE8A}.Debug|x64.ActiveCfg = Debug|Any CPU
		{5614ABED-74EE-439F-95CD-E5B032F6AE8A}.Debug|x64.Build.0 = Debug|Any CPU
		{5614ABED-74EE-439F-95CD-E5B032F6AE8A}.Debug|x86.ActiveCfg = Debug|Any CPU
		{5614ABED-74EE-439F-95CD-E5B032F6AE8A}.Debug|x86.Build.0 = Debug|Any CPU
		{5614ABED-74EE-439F-95CD-E5B032F6AE8A}.Release|Any CPU.ActiveCfg = Release|Any CPU
		{5614ABED-74EE-439F-95CD-E5B032F6AE8A}.Release|Any CPU.Build.0 = Release|Any CPU
		{5614ABED-74EE-439F-95CD-E5B032F6AE8A}.Release|x64.ActiveCfg = Release|Any CPU
		{5614ABED-74EE-439F-95CD-E5B032F6AE8A}.Release|x64.Build.0 = Release|Any CPU
		{5614ABED-74EE-439F-95CD-E5B032F6AE8A}.Release|x86.ActiveCfg = Release|Any CPU
		{5614ABED-74EE-439F-95CD-E5B032F6AE8A}.Release|x86.Build.0 = Release|Any CPU
	EndGlobalSection
	GlobalSection(SolutionProperties) = preSolution
		HideSolutionNode = FALSE
	EndGlobalSection
	GlobalSection(NestedProjects) = preSolution
		{A86BA826-473E-B95F-3AC8-6831E1DD27DB} = {827E0CD3-B72D-47B6-A68D-7590B98EB39B}
		{29C0D421-A8AB-4F2D-B555-74FAC5C0ACA4} = {A86BA826-473E-B95F-3AC8-6831E1DD27DB}
		{68232AA2-D163-4922-B52D-47662B40B3A1} = {A86BA826-473E-B95F-3AC8-6831E1DD27DB}
		{EB3ABA03-40E3-4F3A-93A9-02DE4D7E3D5E} = {A86BA826-473E-B95F-3AC8-6831E1DD27DB}
		{1CC688DB-F839-4300-88A1-36C638D417FB} = {A86BA826-473E-B95F-3AC8-6831E1DD27DB}
		{E4CA0074-2D1F-4D46-8F91-844E8D1D6C45} = {A86BA826-473E-B95F-3AC8-6831E1DD27DB}
		{DD331B42-CCD5-428E-BD67-DFA3B4FBB142} = {A86BA826-473E-B95F-3AC8-6831E1DD27DB}
		{9084A5C8-1FEC-437B-BA14-F77B91F6B2EB} = {A86BA826-473E-B95F-3AC8-6831E1DD27DB}
		{03AADD62-B516-4863-B5CB-3D5332566BF9} = {A86BA826-473E-B95F-3AC8-6831E1DD27DB}
		{5614ABED-74EE-439F-95CD-E5B032F6AE8A} = {5D20AA90-6969-D8BD-9DCD-8634F4692FDA}
	EndGlobalSection
EndGlobal
